
Microsoft Visual Studio Solution File, Format Version 12.00
# Visual Studio Version 17
VisualStudioVersion = 17.12.35527.113
MinimumVisualStudioVersion = 10.0.40219.1
Project("{FAE04EC0-301F-11D3-BF4B-00C04F79EFBC}") = "IdentityServer", "IdentityServer\IdentityServer.csproj", "{FD4AA3DC-EF84-4A0B-93D0-A5D0C3855BE0}"
EndProject
Project("{FAE04EC0-301F-11D3-BF4B-00C04F79EFBC}") = "WebApi", "WebApi\WebApi.csproj", "{D69BF9EF-92C8-45FC-9A61-BDD1599AFBBD}"
EndProject
Global
	GlobalSection(SolutionConfigurationPlatforms) = preSolution
		Debug|Any CPU = Debug|Any CPU
		Release|Any CPU = Release|Any CPU
	EndGlobalSection
	GlobalSection(ProjectConfigurationPlatforms) = postSolution
		{FD4AA3DC-EF84-4A0B-93D0-A5D0C3855BE0}.Debug|Any CPU.ActiveCfg = Debug|Any CPU
		{FD4AA3DC-EF84-4A0B-93D0-A5D0C3855BE0}.Debug|Any CPU.Build.0 = Debug|Any CPU
		{FD4AA3DC-EF84-4A0B-93D0-A5D0C3855BE0}.Release|Any CPU.ActiveCfg = Release|Any CPU
		{FD4AA3DC-EF84-4A0B-93D0-A5D0C3855BE0}.Release|Any CPU.Build.0 = Release|Any CPU
		{D69BF9EF-92C8-45FC-9A61-BDD1599AFBBD}.Debug|Any CPU.ActiveCfg = Debug|Any CPU
		{D69BF9EF-92C8-45FC-9A61-BDD1599AFBBD}.Debug|Any CPU.Build.0 = Debug|Any CPU
		{D69BF9EF-92C8-45FC-9A61-BDD1599AFBBD}.Release|Any CPU.ActiveCfg = Release|Any CPU
		{D69BF9EF-92C8-45FC-9A61-BDD1599AFBBD}.Release|Any CPU.Build.0 = Release|Any CPU
	EndGlobalSection
	GlobalSection(SolutionProperties) = preSolution
		HideSolutionNode = FALSE
	EndGlobalSection
EndGlobal
